{
  "name": "osijyo",
  "lockfileVersion": 3,
  "requires": true,
  "packages": {
    "": {
      "dependencies": {
        "gasparesganga-jquery-loading-overlay": "^2.1.7"
      }
    },
    "node_modules/gasparesganga-jquery-loading-overlay": {
      "version": "2.1.7",
      "resolved": "https://registry.npmjs.org/gasparesganga-jquery-loading-overlay/-/gasparesganga-jquery-loading-overlay-2.1.7.tgz",
      "integrity": "sha512-QItSCC330EPsUwdvzDO50SwQksmaMSf+loDYHiEpyc1tptXkeGXtFp36igNsT1cPTXRXlYxCW8wtK63K88SIdA==",
      "dependencies": {
        "jquery": ">=1.7.0"
      }
    },
    "node_modules/jquery": {
      "version": "3.6.1",
      "resolved": "https://registry.npmjs.org/jquery/-/jquery-3.6.1.tgz",
      "integrity": "sha512-opJeO4nCucVnsjiXOE+/PcCgYw9Gwpvs/a6B1LL/lQhwWwpbVEVYDZ1FokFr8PRc7ghYlrFPuyHuiiDNTQxmcw=="
    }
  }
}
